// !$*UTF8*$!
{
	archiveVersion = 1;
	classes = {
	};
	objectVersion = 46;
	objects = {

/* Begin PBXBuildFile section */
		1D757311A6C8CE3F6EA451F0 /* Pods_Celecare.framework in Frameworks */ = {isa = PBXBuildFile; fileRef = 3604C072FAB4EDAC5D57994E /* Pods_Celecare.framework */; };
		590042EA1F293D540077083A /* AddressTableViewController.swift in Sources */ = {isa = PBXBuildFile; fileRef = 590042E91F293D540077083A /* AddressTableViewController.swift */; };
		590042EE1F293D7E0077083A /* BankTableViewController.swift in Sources */ = {isa = PBXBuildFile; fileRef = 590042ED1F293D7E0077083A /* BankTableViewController.swift */; };
		9A2687221F09C45800AF7A2B /* MedViewController.swift in Sources */ = {isa = PBXBuildFile; fileRef = 9A2687211F09C45800AF7A2B /* MedViewController.swift */; };
		9A2687241F0AED3C00AF7A2B /* QuestionViewController.swift in Sources */ = {isa = PBXBuildFile; fileRef = 9A2687231F0AED3C00AF7A2B /* QuestionViewController.swift */; };
		9A2687261F0C087F00AF7A2B /* BasicInfoViewController.swift in Sources */ = {isa = PBXBuildFile; fileRef = 9A2687251F0C087F00AF7A2B /* BasicInfoViewController.swift */; };
		9A2687281F0C1B5D00AF7A2B /* SummaryViewController.swift in Sources */ = {isa = PBXBuildFile; fileRef = 9A2687271F0C1B5D00AF7A2B /* SummaryViewController.swift */; };
		9A26872A1F0F023400AF7A2B /* PaymentInfoViewController.swift in Sources */ = {isa = PBXBuildFile; fileRef = 9A2687291F0F023400AF7A2B /* PaymentInfoViewController.swift */; };
		9A26872C1F0F033900AF7A2B /* MainTableViewCell.swift in Sources */ = {isa = PBXBuildFile; fileRef = 9A26872B1F0F033900AF7A2B /* MainTableViewCell.swift */; };
		9A26F6301F14168300B2E55B /* AnswerViewController.swift in Sources */ = {isa = PBXBuildFile; fileRef = 9A26F62F1F14168300B2E55B /* AnswerViewController.swift */; };
		9A26F6321F146C6800B2E55B /* MainContainerViewController.swift in Sources */ = {isa = PBXBuildFile; fileRef = 9A26F6311F146C6800B2E55B /* MainContainerViewController.swift */; };
		9A7351891F1C8D8200A438C8 /* ViewAnswerViewController.swift in Sources */ = {isa = PBXBuildFile; fileRef = 9A7351881F1C8D8200A438C8 /* ViewAnswerViewController.swift */; };
		9A73518B1F1D3C5C00A438C8 /* EditProfileViewController.swift in Sources */ = {isa = PBXBuildFile; fileRef = 9A73518A1F1D3C5C00A438C8 /* EditProfileViewController.swift */; };
		9AB0676D1EFAE95100092BC6 /* AppDelegate.swift in Sources */ = {isa = PBXBuildFile; fileRef = 9AB0676C1EFAE95100092BC6 /* AppDelegate.swift */; };
		9AB067741EFAE95100092BC6 /* Main.storyboard in Resources */ = {isa = PBXBuildFile; fileRef = 9AB067721EFAE95100092BC6 /* Main.storyboard */; };
		9AB067761EFAE95100092BC6 /* Assets.xcassets in Resources */ = {isa = PBXBuildFile; fileRef = 9AB067751EFAE95100092BC6 /* Assets.xcassets */; };
		9AB067791EFAE95100092BC6 /* LaunchScreen.storyboard in Resources */ = {isa = PBXBuildFile; fileRef = 9AB067771EFAE95100092BC6 /* LaunchScreen.storyboard */; };
		9AB067811F02011100092BC6 /* Login.storyboard in Resources */ = {isa = PBXBuildFile; fileRef = 9AB067801F02011100092BC6 /* Login.storyboard */; };
		9AB067851F04928100092BC6 /* GoogleService-Info.plist in Resources */ = {isa = PBXBuildFile; fileRef = 9AB067841F04928100092BC6 /* GoogleService-Info.plist */; };
		9AB182181F147E6300678851 /* MainSidebarViewController.swift in Sources */ = {isa = PBXBuildFile; fileRef = 9AB182171F147E6300678851 /* MainSidebarViewController.swift */; };
		9AB1821C1F15826D00678851 /* Advisor.storyboard in Resources */ = {isa = PBXBuildFile; fileRef = 9AB1821B1F15826D00678851 /* Advisor.storyboard */; };
		9AB1821F1F15836700678851 /* AdvisorContainerViewController.swift in Sources */ = {isa = PBXBuildFile; fileRef = 9AB1821E1F15836700678851 /* AdvisorContainerViewController.swift */; };
		9AB182211F15884400678851 /* AdvisorQuestionsViewController.swift in Sources */ = {isa = PBXBuildFile; fileRef = 9AB182201F15884400678851 /* AdvisorQuestionsViewController.swift */; };
		9AB182231F15886000678851 /* AdvisorTableViewCell.swift in Sources */ = {isa = PBXBuildFile; fileRef = 9AB182221F15886000678851 /* AdvisorTableViewCell.swift */; };
		9AB182251F158AB500678851 /* AdvisorSideBarViewController.swift in Sources */ = {isa = PBXBuildFile; fileRef = 9AB182241F158AB500678851 /* AdvisorSideBarViewController.swift */; };
		9AB182271F15BF0400678851 /* AdvisorMedsViewController.swift in Sources */ = {isa = PBXBuildFile; fileRef = 9AB182261F15BF0400678851 /* AdvisorMedsViewController.swift */; };
		9AB182291F188FDC00678851 /* DashboardViewController.swift in Sources */ = {isa = PBXBuildFile; fileRef = 9AB182281F188FDC00678851 /* DashboardViewController.swift */; };
		9ACD37FA1F05F10A005842CF /* LoginViewController.swift in Sources */ = {isa = PBXBuildFile; fileRef = 9ACD37F91F05F10A005842CF /* LoginViewController.swift */; };
		9ACD37FC1F05F9A5005842CF /* WelcomeViewController.swift in Sources */ = {isa = PBXBuildFile; fileRef = 9ACD37FB1F05F9A5005842CF /* WelcomeViewController.swift */; };
		9ACD37FE1F060001005842CF /* VerifyViewController.swift in Sources */ = {isa = PBXBuildFile; fileRef = 9ACD37FD1F060001005842CF /* VerifyViewController.swift */; };
		9ACD38001F06177B005842CF /* EmailViewController.swift in Sources */ = {isa = PBXBuildFile; fileRef = 9ACD37FF1F06177B005842CF /* EmailViewController.swift */; };
		9ACD38031F099556005842CF /* NewProfileViewController.swift in Sources */ = {isa = PBXBuildFile; fileRef = 9ACD38021F099556005842CF /* NewProfileViewController.swift */; };
		9AF65FDB1F202D4E00C6E9CA /* Post.swift in Sources */ = {isa = PBXBuildFile; fileRef = 9AF65FDA1F202D4E00C6E9CA /* Post.swift */; };
		F2FCEDCA1F36A6FC006D8FAD /* NameViewController.swift in Sources */ = {isa = PBXBuildFile; fileRef = F2FCEDC91F36A6FC006D8FAD /* NameViewController.swift */; };
		F2FCEDCC1F37F923006D8FAD /* QualificationsViewController.swift in Sources */ = {isa = PBXBuildFile; fileRef = F2FCEDCB1F37F923006D8FAD /* QualificationsViewController.swift */; };
		F2FCEDCE1F381C96006D8FAD /* IDViewController.swift in Sources */ = {isa = PBXBuildFile; fileRef = F2FCEDCD1F381C96006D8FAD /* IDViewController.swift */; };
/* End PBXBuildFile section */

/* Begin PBXFileReference section */
		3604C072FAB4EDAC5D57994E /* Pods_Celecare.framework */ = {isa = PBXFileReference; explicitFileType = wrapper.framework; includeInIndex = 0; path = Pods_Celecare.framework; sourceTree = BUILT_PRODUCTS_DIR; };
		590042E91F293D540077083A /* AddressTableViewController.swift */ = {isa = PBXFileReference; fileEncoding = 4; lastKnownFileType = sourcecode.swift; path = AddressTableViewController.swift; sourceTree = "<group>"; };
		590042ED1F293D7E0077083A /* BankTableViewController.swift */ = {isa = PBXFileReference; fileEncoding = 4; lastKnownFileType = sourcecode.swift; path = BankTableViewController.swift; sourceTree = "<group>"; };
		9A2687211F09C45800AF7A2B /* MedViewController.swift */ = {isa = PBXFileReference; fileEncoding = 4; lastKnownFileType = sourcecode.swift; path = MedViewController.swift; sourceTree = "<group>"; };
		9A2687231F0AED3C00AF7A2B /* QuestionViewController.swift */ = {isa = PBXFileReference; fileEncoding = 4; lastKnownFileType = sourcecode.swift; path = QuestionViewController.swift; sourceTree = "<group>"; };
		9A2687251F0C087F00AF7A2B /* BasicInfoViewController.swift */ = {isa = PBXFileReference; fileEncoding = 4; lastKnownFileType = sourcecode.swift; path = BasicInfoViewController.swift; sourceTree = "<group>"; };
		9A2687271F0C1B5D00AF7A2B /* SummaryViewController.swift */ = {isa = PBXFileReference; fileEncoding = 4; lastKnownFileType = sourcecode.swift; path = SummaryViewController.swift; sourceTree = "<group>"; };
		9A2687291F0F023400AF7A2B /* PaymentInfoViewController.swift */ = {isa = PBXFileReference; fileEncoding = 4; lastKnownFileType = sourcecode.swift; path = PaymentInfoViewController.swift; sourceTree = "<group>"; };
		9A26872B1F0F033900AF7A2B /* MainTableViewCell.swift */ = {isa = PBXFileReference; fileEncoding = 4; lastKnownFileType = sourcecode.swift; path = MainTableViewCell.swift; sourceTree = "<group>"; };
		9A26F62F1F14168300B2E55B /* AnswerViewController.swift */ = {isa = PBXFileReference; fileEncoding = 4; lastKnownFileType = sourcecode.swift; path = AnswerViewController.swift; sourceTree = "<group>"; };
		9A26F6311F146C6800B2E55B /* MainContainerViewController.swift */ = {isa = PBXFileReference; fileEncoding = 4; lastKnownFileType = sourcecode.swift; path = MainContainerViewController.swift; sourceTree = "<group>"; };
		9A7351881F1C8D8200A438C8 /* ViewAnswerViewController.swift */ = {isa = PBXFileReference; fileEncoding = 4; lastKnownFileType = sourcecode.swift; path = ViewAnswerViewController.swift; sourceTree = "<group>"; };
		9A73518A1F1D3C5C00A438C8 /* EditProfileViewController.swift */ = {isa = PBXFileReference; fileEncoding = 4; lastKnownFileType = sourcecode.swift; path = EditProfileViewController.swift; sourceTree = "<group>"; };
		9AB067691EFAE95100092BC6 /* Celecare.app */ = {isa = PBXFileReference; explicitFileType = wrapper.application; includeInIndex = 0; path = Celecare.app; sourceTree = BUILT_PRODUCTS_DIR; };
		9AB0676C1EFAE95100092BC6 /* AppDelegate.swift */ = {isa = PBXFileReference; lastKnownFileType = sourcecode.swift; path = AppDelegate.swift; sourceTree = "<group>"; };
		9AB067731EFAE95100092BC6 /* Base */ = {isa = PBXFileReference; lastKnownFileType = file.storyboard; name = Base; path = Base.lproj/Main.storyboard; sourceTree = "<group>"; };
		9AB067751EFAE95100092BC6 /* Assets.xcassets */ = {isa = PBXFileReference; lastKnownFileType = folder.assetcatalog; path = Assets.xcassets; sourceTree = "<group>"; };
		9AB067781EFAE95100092BC6 /* Base */ = {isa = PBXFileReference; lastKnownFileType = file.storyboard; name = Base; path = Base.lproj/LaunchScreen.storyboard; sourceTree = "<group>"; };
		9AB0677A1EFAE95100092BC6 /* Info.plist */ = {isa = PBXFileReference; lastKnownFileType = text.plist.xml; path = Info.plist; sourceTree = "<group>"; };
		9AB067801F02011100092BC6 /* Login.storyboard */ = {isa = PBXFileReference; fileEncoding = 4; lastKnownFileType = file.storyboard; path = Login.storyboard; sourceTree = "<group>"; };
		9AB067831F0217DA00092BC6 /* Celecare.entitlements */ = {isa = PBXFileReference; lastKnownFileType = text.plist.entitlements; path = Celecare.entitlements; sourceTree = "<group>"; };
		9AB067841F04928100092BC6 /* GoogleService-Info.plist */ = {isa = PBXFileReference; fileEncoding = 4; lastKnownFileType = text.plist.xml; path = "GoogleService-Info.plist"; sourceTree = "<group>"; };
		9AB182171F147E6300678851 /* MainSidebarViewController.swift */ = {isa = PBXFileReference; fileEncoding = 4; lastKnownFileType = sourcecode.swift; path = MainSidebarViewController.swift; sourceTree = "<group>"; };
		9AB1821B1F15826D00678851 /* Advisor.storyboard */ = {isa = PBXFileReference; fileEncoding = 4; lastKnownFileType = file.storyboard; path = Advisor.storyboard; sourceTree = "<group>"; };
		9AB1821E1F15836700678851 /* AdvisorContainerViewController.swift */ = {isa = PBXFileReference; fileEncoding = 4; lastKnownFileType = sourcecode.swift; path = AdvisorContainerViewController.swift; sourceTree = "<group>"; };
		9AB182201F15884400678851 /* AdvisorQuestionsViewController.swift */ = {isa = PBXFileReference; fileEncoding = 4; lastKnownFileType = sourcecode.swift; path = AdvisorQuestionsViewController.swift; sourceTree = "<group>"; };
		9AB182221F15886000678851 /* AdvisorTableViewCell.swift */ = {isa = PBXFileReference; fileEncoding = 4; lastKnownFileType = sourcecode.swift; path = AdvisorTableViewCell.swift; sourceTree = "<group>"; };
		9AB182241F158AB500678851 /* AdvisorSideBarViewController.swift */ = {isa = PBXFileReference; fileEncoding = 4; lastKnownFileType = sourcecode.swift; path = AdvisorSideBarViewController.swift; sourceTree = "<group>"; };
		9AB182261F15BF0400678851 /* AdvisorMedsViewController.swift */ = {isa = PBXFileReference; fileEncoding = 4; lastKnownFileType = sourcecode.swift; path = AdvisorMedsViewController.swift; sourceTree = "<group>"; };
		9AB182281F188FDC00678851 /* DashboardViewController.swift */ = {isa = PBXFileReference; fileEncoding = 4; lastKnownFileType = sourcecode.swift; path = DashboardViewController.swift; sourceTree = "<group>"; };
		9ACD37F91F05F10A005842CF /* LoginViewController.swift */ = {isa = PBXFileReference; fileEncoding = 4; lastKnownFileType = sourcecode.swift; path = LoginViewController.swift; sourceTree = "<group>"; };
		9ACD37FB1F05F9A5005842CF /* WelcomeViewController.swift */ = {isa = PBXFileReference; fileEncoding = 4; lastKnownFileType = sourcecode.swift; path = WelcomeViewController.swift; sourceTree = "<group>"; };
		9ACD37FD1F060001005842CF /* VerifyViewController.swift */ = {isa = PBXFileReference; fileEncoding = 4; lastKnownFileType = sourcecode.swift; path = VerifyViewController.swift; sourceTree = "<group>"; };
		9ACD37FF1F06177B005842CF /* EmailViewController.swift */ = {isa = PBXFileReference; fileEncoding = 4; lastKnownFileType = sourcecode.swift; path = EmailViewController.swift; sourceTree = "<group>"; };
		9ACD38021F099556005842CF /* NewProfileViewController.swift */ = {isa = PBXFileReference; fileEncoding = 4; lastKnownFileType = sourcecode.swift; path = NewProfileViewController.swift; sourceTree = "<group>"; };
		9AF65FDA1F202D4E00C6E9CA /* Post.swift */ = {isa = PBXFileReference; fileEncoding = 4; lastKnownFileType = sourcecode.swift; path = Post.swift; sourceTree = "<group>"; };
		BB503F71087DB2199AB6225D /* Pods-Celecare.release.xcconfig */ = {isa = PBXFileReference; includeInIndex = 1; lastKnownFileType = text.xcconfig; name = "Pods-Celecare.release.xcconfig"; path = "Pods/Target Support Files/Pods-Celecare/Pods-Celecare.release.xcconfig"; sourceTree = "<group>"; };
		E6092048BA7E81399689728E /* Pods-Celecare.debug.xcconfig */ = {isa = PBXFileReference; includeInIndex = 1; lastKnownFileType = text.xcconfig; name = "Pods-Celecare.debug.xcconfig"; path = "Pods/Target Support Files/Pods-Celecare/Pods-Celecare.debug.xcconfig"; sourceTree = "<group>"; };
		F2FCEDC91F36A6FC006D8FAD /* NameViewController.swift */ = {isa = PBXFileReference; fileEncoding = 4; lastKnownFileType = sourcecode.swift; path = NameViewController.swift; sourceTree = "<group>"; };
		F2FCEDCB1F37F923006D8FAD /* QualificationsViewController.swift */ = {isa = PBXFileReference; fileEncoding = 4; lastKnownFileType = sourcecode.swift; path = QualificationsViewController.swift; sourceTree = "<group>"; };
		F2FCEDCD1F381C96006D8FAD /* IDViewController.swift */ = {isa = PBXFileReference; fileEncoding = 4; lastKnownFileType = sourcecode.swift; path = IDViewController.swift; sourceTree = "<group>"; };
/* End PBXFileReference section */

/* Begin PBXFrameworksBuildPhase section */
		9AB067661EFAE95100092BC6 /* Frameworks */ = {
			isa = PBXFrameworksBuildPhase;
			buildActionMask = 2147483647;
			files = (
				1D757311A6C8CE3F6EA451F0 /* Pods_Celecare.framework in Frameworks */,
			);
			runOnlyForDeploymentPostprocessing = 0;
		};
/* End PBXFrameworksBuildPhase section */

/* Begin PBXGroup section */
		590042EF1F2947B70077083A /* info */ = {
			isa = PBXGroup;
			children = (
				590042E91F293D540077083A /* AddressTableViewController.swift */,
				590042ED1F293D7E0077083A /* BankTableViewController.swift */,
			);
			name = info;
			sourceTree = "<group>";
		};
		9AB067601EFAE95100092BC6 = {
			isa = PBXGroup;
			children = (
				9AB0676B1EFAE95100092BC6 /* Celecare */,
				9AB0676A1EFAE95100092BC6 /* Products */,
				CBB7995141C31F07B9987988 /* Pods */,
				BB11ACFC45414FD68B7BA7A9 /* Frameworks */,
			);
			sourceTree = "<group>";
		};
		9AB0676A1EFAE95100092BC6 /* Products */ = {
			isa = PBXGroup;
			children = (
				9AB067691EFAE95100092BC6 /* Celecare.app */,
			);
			name = Products;
			sourceTree = "<group>";
		};
		9AB0676B1EFAE95100092BC6 /* Celecare */ = {
			isa = PBXGroup;
			children = (
				9AF65FDC1F205CFA00C6E9CA /* mich */,
				9AF65FDA1F202D4E00C6E9CA /* Post.swift */,
				9AB067841F04928100092BC6 /* GoogleService-Info.plist */,
				9AB067831F0217DA00092BC6 /* Celecare.entitlements */,
				9AB067771EFAE95100092BC6 /* LaunchScreen.storyboard */,
				9AB067751EFAE95100092BC6 /* Assets.xcassets */,
				9AB0677A1EFAE95100092BC6 /* Info.plist */,
				9AB0676C1EFAE95100092BC6 /* AppDelegate.swift */,
				9AB1821D1F15827800678851 /* advisor */,
				9ACD38011F0992C2005842CF /* login */,
				9AB067821F0207A500092BC6 /* main */,
			);
			path = Celecare;
			sourceTree = "<group>";
		};
		9AB067821F0207A500092BC6 /* main */ = {
			isa = PBXGroup;
			children = (
				9A26872B1F0F033900AF7A2B /* MainTableViewCell.swift */,
				9AB067721EFAE95100092BC6 /* Main.storyboard */,
				9A2687251F0C087F00AF7A2B /* BasicInfoViewController.swift */,
				9A2687231F0AED3C00AF7A2B /* QuestionViewController.swift */,
				9A2687271F0C1B5D00AF7A2B /* SummaryViewController.swift */,
				9A26F62F1F14168300B2E55B /* AnswerViewController.swift */,
				9A26F6311F146C6800B2E55B /* MainContainerViewController.swift */,
				9AB182171F147E6300678851 /* MainSidebarViewController.swift */,
				9A7351881F1C8D8200A438C8 /* ViewAnswerViewController.swift */,
				9A73518A1F1D3C5C00A438C8 /* EditProfileViewController.swift */,
			);
			name = main;
			sourceTree = "<group>";
		};
		9AB1821D1F15827800678851 /* advisor */ = {
			isa = PBXGroup;
			children = (
				9AB1821E1F15836700678851 /* AdvisorContainerViewController.swift */,
				9AB182281F188FDC00678851 /* DashboardViewController.swift */,
				9AB182221F15886000678851 /* AdvisorTableViewCell.swift */,
				9AB1821B1F15826D00678851 /* Advisor.storyboard */,
				F2FCEDC61F36A51E006D8FAD /* NewAdvisor */,
				590042EF1F2947B70077083A /* info */,
				9AB182201F15884400678851 /* AdvisorQuestionsViewController.swift */,
				9AB182241F158AB500678851 /* AdvisorSideBarViewController.swift */,
				9AB182261F15BF0400678851 /* AdvisorMedsViewController.swift */,
			);
			name = advisor;
			sourceTree = "<group>";
		};
		9ACD38011F0992C2005842CF /* login */ = {
			isa = PBXGroup;
			children = (
				9AB067801F02011100092BC6 /* Login.storyboard */,
				9ACD37F91F05F10A005842CF /* LoginViewController.swift */,
				9ACD37FB1F05F9A5005842CF /* WelcomeViewController.swift */,
				9ACD37FD1F060001005842CF /* VerifyViewController.swift */,
				9ACD37FF1F06177B005842CF /* EmailViewController.swift */,
				9ACD38021F099556005842CF /* NewProfileViewController.swift */,
			);
			name = login;
			sourceTree = "<group>";
		};
		9AF65FDC1F205CFA00C6E9CA /* mich */ = {
			isa = PBXGroup;
			children = (
				9A2687291F0F023400AF7A2B /* PaymentInfoViewController.swift */,
				9A2687211F09C45800AF7A2B /* MedViewController.swift */,
			);
			name = mich;
			sourceTree = "<group>";
		};
		BB11ACFC45414FD68B7BA7A9 /* Frameworks */ = {
			isa = PBXGroup;
			children = (
				3604C072FAB4EDAC5D57994E /* Pods_Celecare.framework */,
			);
			name = Frameworks;
			sourceTree = "<group>";
		};
		CBB7995141C31F07B9987988 /* Pods */ = {
			isa = PBXGroup;
			children = (
				E6092048BA7E81399689728E /* Pods-Celecare.debug.xcconfig */,
				BB503F71087DB2199AB6225D /* Pods-Celecare.release.xcconfig */,
			);
			name = Pods;
			sourceTree = "<group>";
		};
		F2FCEDC61F36A51E006D8FAD /* NewAdvisor */ = {
			isa = PBXGroup;
			children = (
				F2FCEDC91F36A6FC006D8FAD /* NameViewController.swift */,
				F2FCEDCB1F37F923006D8FAD /* QualificationsViewController.swift */,
				F2FCEDCD1F381C96006D8FAD /* IDViewController.swift */,
			);
			name = NewAdvisor;
			sourceTree = "<group>";
		};
/* End PBXGroup section */

/* Begin PBXNativeTarget section */
		9AB067681EFAE95100092BC6 /* Celecare */ = {
			isa = PBXNativeTarget;
			buildConfigurationList = 9AB0677D1EFAE95100092BC6 /* Build configuration list for PBXNativeTarget "Celecare" */;
			buildPhases = (
				877E42C20F83528BC2E53E22 /* [CP] Check Pods Manifest.lock */,
				9AB067651EFAE95100092BC6 /* Sources */,
				9AB067661EFAE95100092BC6 /* Frameworks */,
				9AB067671EFAE95100092BC6 /* Resources */,
				43D1B506F07E70A85283C8E9 /* [CP] Embed Pods Frameworks */,
				D91E642DF339E3D8CFE6AC47 /* [CP] Copy Pods Resources */,
			);
			buildRules = (
			);
			dependencies = (
			);
			name = Celecare;
			productName = Celecare;
			productReference = 9AB067691EFAE95100092BC6 /* Celecare.app */;
			productType = "com.apple.product-type.application";
		};
/* End PBXNativeTarget section */

/* Begin PBXProject section */
		9AB067611EFAE95100092BC6 /* Project object */ = {
			isa = PBXProject;
			attributes = {
				LastSwiftUpdateCheck = 0820;
				LastUpgradeCheck = 0820;
				ORGANIZATIONNAME = "Celecare LLC";
				TargetAttributes = {
					9AB067681EFAE95100092BC6 = {
						CreatedOnToolsVersion = 8.2;
						DevelopmentTeam = FK56654KPJ;
						ProvisioningStyle = Automatic;
						SystemCapabilities = {
							com.apple.ApplePay = {
								enabled = 1;
							};
							com.apple.Push = {
								enabled = 1;
							};
						};
					};
				};
			};
			buildConfigurationList = 9AB067641EFAE95100092BC6 /* Build configuration list for PBXProject "Celecare" */;
			compatibilityVersion = "Xcode 3.2";
			developmentRegion = English;
			hasScannedForEncodings = 0;
			knownRegions = (
				en,
				Base,
			);
			mainGroup = 9AB067601EFAE95100092BC6;
			productRefGroup = 9AB0676A1EFAE95100092BC6 /* Products */;
			projectDirPath = "";
			projectRoot = "";
			targets = (
				9AB067681EFAE95100092BC6 /* Celecare */,
			);
		};
/* End PBXProject section */

/* Begin PBXResourcesBuildPhase section */
		9AB067671EFAE95100092BC6 /* Resources */ = {
			isa = PBXResourcesBuildPhase;
			buildActionMask = 2147483647;
			files = (
				9AB067811F02011100092BC6 /* Login.storyboard in Resources */,
				9AB067791EFAE95100092BC6 /* LaunchScreen.storyboard in Resources */,
				9AB067851F04928100092BC6 /* GoogleService-Info.plist in Resources */,
				9AB067761EFAE95100092BC6 /* Assets.xcassets in Resources */,
				9AB067741EFAE95100092BC6 /* Main.storyboard in Resources */,
				9AB1821C1F15826D00678851 /* Advisor.storyboard in Resources */,
			);
			runOnlyForDeploymentPostprocessing = 0;
		};
/* End PBXResourcesBuildPhase section */

/* Begin PBXShellScriptBuildPhase section */
		43D1B506F07E70A85283C8E9 /* [CP] Embed Pods Frameworks */ = {
			isa = PBXShellScriptBuildPhase;
			buildActionMask = 2147483647;
			files = (
			);
			inputPaths = (
			);
			name = "[CP] Embed Pods Frameworks";
			outputPaths = (
			);
			runOnlyForDeploymentPostprocessing = 0;
			shellPath = /bin/sh;
			shellScript = "\"${SRCROOT}/Pods/Target Support Files/Pods-Celecare/Pods-Celecare-frameworks.sh\"\n";
			showEnvVarsInLog = 0;
		};
		877E42C20F83528BC2E53E22 /* [CP] Check Pods Manifest.lock */ = {
			isa = PBXShellScriptBuildPhase;
			buildActionMask = 2147483647;
			files = (
			);
			inputPaths = (
			);
			name = "[CP] Check Pods Manifest.lock";
			outputPaths = (
			);
			runOnlyForDeploymentPostprocessing = 0;
			shellPath = /bin/sh;
			shellScript = "diff \"${PODS_PODFILE_DIR_PATH}/Podfile.lock\" \"${PODS_ROOT}/Manifest.lock\" > /dev/null\nif [ $? != 0 ] ; then\n    # print error to STDERR\n    echo \"error: The sandbox is not in sync with the Podfile.lock. Run 'pod install' or update your CocoaPods installation.\" >&2\n    exit 1\nfi\n";
			showEnvVarsInLog = 0;
		};
		D91E642DF339E3D8CFE6AC47 /* [CP] Copy Pods Resources */ = {
			isa = PBXShellScriptBuildPhase;
			buildActionMask = 2147483647;
			files = (
			);
			inputPaths = (
			);
			name = "[CP] Copy Pods Resources";
			outputPaths = (
			);
			runOnlyForDeploymentPostprocessing = 0;
			shellPath = /bin/sh;
			shellScript = "\"${SRCROOT}/Pods/Target Support Files/Pods-Celecare/Pods-Celecare-resources.sh\"\n";
			showEnvVarsInLog = 0;
		};
/* End PBXShellScriptBuildPhase section */

/* Begin PBXSourcesBuildPhase section */
		9AB067651EFAE95100092BC6 /* Sources */ = {
			isa = PBXSourcesBuildPhase;
			buildActionMask = 2147483647;
			files = (
				9AB182251F158AB500678851 /* AdvisorSideBarViewController.swift in Sources */,
				9AB182291F188FDC00678851 /* DashboardViewController.swift in Sources */,
				9A26872C1F0F033900AF7A2B /* MainTableViewCell.swift in Sources */,
				9AF65FDB1F202D4E00C6E9CA /* Post.swift in Sources */,
				9A7351891F1C8D8200A438C8 /* ViewAnswerViewController.swift in Sources */,
				9AB182271F15BF0400678851 /* AdvisorMedsViewController.swift in Sources */,
				9ACD37FA1F05F10A005842CF /* LoginViewController.swift in Sources */,
				590042EE1F293D7E0077083A /* BankTableViewController.swift in Sources */,
				F2FCEDCC1F37F923006D8FAD /* QualificationsViewController.swift in Sources */,
				9ACD37FC1F05F9A5005842CF /* WelcomeViewController.swift in Sources */,
				590042EA1F293D540077083A /* AddressTableViewController.swift in Sources */,
				9AB182211F15884400678851 /* AdvisorQuestionsViewController.swift in Sources */,
				9ACD38031F099556005842CF /* NewProfileViewController.swift in Sources */,
				9A2687281F0C1B5D00AF7A2B /* SummaryViewController.swift in Sources */,
				9A73518B1F1D3C5C00A438C8 /* EditProfileViewController.swift in Sources */,
				9ACD37FE1F060001005842CF /* VerifyViewController.swift in Sources */,
				9A2687261F0C087F00AF7A2B /* BasicInfoViewController.swift in Sources */,
				9AB182181F147E6300678851 /* MainSidebarViewController.swift in Sources */,
				F2FCEDCA1F36A6FC006D8FAD /* NameViewController.swift in Sources */,
				9A26F6301F14168300B2E55B /* AnswerViewController.swift in Sources */,
				9AB1821F1F15836700678851 /* AdvisorContainerViewController.swift in Sources */,
				9AB0676D1EFAE95100092BC6 /* AppDelegate.swift in Sources */,
				9A26F6321F146C6800B2E55B /* MainContainerViewController.swift in Sources */,
				9ACD38001F06177B005842CF /* EmailViewController.swift in Sources */,
				F2FCEDCE1F381C96006D8FAD /* IDViewController.swift in Sources */,
				9A2687221F09C45800AF7A2B /* MedViewController.swift in Sources */,
				9A2687241F0AED3C00AF7A2B /* QuestionViewController.swift in Sources */,
				9AB182231F15886000678851 /* AdvisorTableViewCell.swift in Sources */,
				9A26872A1F0F023400AF7A2B /* PaymentInfoViewController.swift in Sources */,
			);
			runOnlyForDeploymentPostprocessing = 0;
		};
/* End PBXSourcesBuildPhase section */

/* Begin PBXVariantGroup section */
		9AB067721EFAE95100092BC6 /* Main.storyboard */ = {
			isa = PBXVariantGroup;
			children = (
				9AB067731EFAE95100092BC6 /* Base */,
			);
			name = Main.storyboard;
			sourceTree = "<group>";
		};
		9AB067771EFAE95100092BC6 /* LaunchScreen.storyboard */ = {
			isa = PBXVariantGroup;
			children = (
				9AB067781EFAE95100092BC6 /* Base */,
			);
			name = LaunchScreen.storyboard;
			sourceTree = "<group>";
		};
/* End PBXVariantGroup section */

/* Begin XCBuildConfiguration section */
		9AB0677B1EFAE95100092BC6 /* Debug */ = {
			isa = XCBuildConfiguration;
			buildSettings = {
				ALWAYS_SEARCH_USER_PATHS = NO;
				CLANG_ANALYZER_NONNULL = YES;
				CLANG_CXX_LANGUAGE_STANDARD = "gnu++0x";
				CLANG_CXX_LIBRARY = "libc++";
				CLANG_ENABLE_MODULES = YES;
				CLANG_ENABLE_OBJC_ARC = YES;
				CLANG_WARN_BOOL_CONVERSION = YES;
				CLANG_WARN_CONSTANT_CONVERSION = YES;
				CLANG_WARN_DIRECT_OBJC_ISA_USAGE = YES_ERROR;
				CLANG_WARN_DOCUMENTATION_COMMENTS = YES;
				CLANG_WARN_EMPTY_BODY = YES;
				CLANG_WARN_ENUM_CONVERSION = YES;
				CLANG_WARN_INFINITE_RECURSION = YES;
				CLANG_WARN_INT_CONVERSION = YES;
				CLANG_WARN_OBJC_ROOT_CLASS = YES_ERROR;
				CLANG_WARN_SUSPICIOUS_MOVE = YES;
				CLANG_WARN_UNREACHABLE_CODE = YES;
				CLANG_WARN__DUPLICATE_METHOD_MATCH = YES;
				"CODE_SIGN_IDENTITY[sdk=iphoneos*]" = "iPhone Developer";
				COPY_PHASE_STRIP = NO;
				DEBUG_INFORMATION_FORMAT = dwarf;
				ENABLE_STRICT_OBJC_MSGSEND = YES;
				ENABLE_TESTABILITY = YES;
				GCC_C_LANGUAGE_STANDARD = gnu99;
				GCC_DYNAMIC_NO_PIC = NO;
				GCC_NO_COMMON_BLOCKS = YES;
				GCC_OPTIMIZATION_LEVEL = 0;
				GCC_PREPROCESSOR_DEFINITIONS = (
					"DEBUG=1",
					"$(inherited)",
				);
				GCC_WARN_64_TO_32_BIT_CONVERSION = YES;
				GCC_WARN_ABOUT_RETURN_TYPE = YES_ERROR;
				GCC_WARN_UNDECLARED_SELECTOR = YES;
				GCC_WARN_UNINITIALIZED_AUTOS = YES_AGGRESSIVE;
				GCC_WARN_UNUSED_FUNCTION = YES;
				GCC_WARN_UNUSED_VARIABLE = YES;
				IPHONEOS_DEPLOYMENT_TARGET = 9.0;
				MTL_ENABLE_DEBUG_INFO = YES;
				ONLY_ACTIVE_ARCH = YES;
				SDKROOT = iphoneos;
				SWIFT_ACTIVE_COMPILATION_CONDITIONS = DEBUG;
				SWIFT_OPTIMIZATION_LEVEL = "-Onone";
			};
			name = Debug;
		};
		9AB0677C1EFAE95100092BC6 /* Release */ = {
			isa = XCBuildConfiguration;
			buildSettings = {
				ALWAYS_SEARCH_USER_PATHS = NO;
				CLANG_ANALYZER_NONNULL = YES;
				CLANG_CXX_LANGUAGE_STANDARD = "gnu++0x";
				CLANG_CXX_LIBRARY = "libc++";
				CLANG_ENABLE_MODULES = YES;
				CLANG_ENABLE_OBJC_ARC = YES;
				CLANG_WARN_BOOL_CONVERSION = YES;
				CLANG_WARN_CONSTANT_CONVERSION = YES;
				CLANG_WARN_DIRECT_OBJC_ISA_USAGE = YES_ERROR;
				CLANG_WARN_DOCUMENTATION_COMMENTS = YES;
				CLANG_WARN_EMPTY_BODY = YES;
				CLANG_WARN_ENUM_CONVERSION = YES;
				CLANG_WARN_INFINITE_RECURSION = YES;
				CLANG_WARN_INT_CONVERSION = YES;
				CLANG_WARN_OBJC_ROOT_CLASS = YES_ERROR;
				CLANG_WARN_SUSPICIOUS_MOVE = YES;
				CLANG_WARN_UNREACHABLE_CODE = YES;
				CLANG_WARN__DUPLICATE_METHOD_MATCH = YES;
				"CODE_SIGN_IDENTITY[sdk=iphoneos*]" = "iPhone Developer";
				COPY_PHASE_STRIP = NO;
				DEBUG_INFORMATION_FORMAT = "dwarf-with-dsym";
				ENABLE_NS_ASSERTIONS = NO;
				ENABLE_STRICT_OBJC_MSGSEND = YES;
				GCC_C_LANGUAGE_STANDARD = gnu99;
				GCC_NO_COMMON_BLOCKS = YES;
				GCC_WARN_64_TO_32_BIT_CONVERSION = YES;
				GCC_WARN_ABOUT_RETURN_TYPE = YES_ERROR;
				GCC_WARN_UNDECLARED_SELECTOR = YES;
				GCC_WARN_UNINITIALIZED_AUTOS = YES_AGGRESSIVE;
				GCC_WARN_UNUSED_FUNCTION = YES;
				GCC_WARN_UNUSED_VARIABLE = YES;
				IPHONEOS_DEPLOYMENT_TARGET = 9.0;
				MTL_ENABLE_DEBUG_INFO = NO;
				SDKROOT = iphoneos;
				SWIFT_OPTIMIZATION_LEVEL = "-Owholemodule";
				VALIDATE_PRODUCT = YES;
			};
			name = Release;
		};
		9AB0677E1EFAE95100092BC6 /* Debug */ = {
			isa = XCBuildConfiguration;
			baseConfigurationReference = E6092048BA7E81399689728E /* Pods-Celecare.debug.xcconfig */;
			buildSettings = {
				ALWAYS_EMBED_SWIFT_STANDARD_LIBRARIES = YES;
				ASSETCATALOG_COMPILER_APPICON_NAME = AppIcon;
				CODE_SIGN_ENTITLEMENTS = Celecare/Celecare.entitlements;
				DEVELOPMENT_TEAM = FK56654KPJ;
				INFOPLIST_FILE = Celecare/Info.plist;
				LD_RUNPATH_SEARCH_PATHS = "$(inherited) @executable_path/Frameworks";
				PRODUCT_BUNDLE_IDENTIFIER = com.celecare.celecare;
				PRODUCT_NAME = "$(TARGET_NAME)";
				SWIFT_VERSION = 3.0;
			};
			name = Debug;
		};
		9AB0677F1EFAE95100092BC6 /* Release */ = {
			isa = XCBuildConfiguration;
			baseConfigurationReference = BB503F71087DB2199AB6225D /* Pods-Celecare.release.xcconfig */;
			buildSettings = {
				ALWAYS_EMBED_SWIFT_STANDARD_LIBRARIES = YES;
				ASSETCATALOG_COMPILER_APPICON_NAME = AppIcon;
				CODE_SIGN_ENTITLEMENTS = Celecare/Celecare.entitlements;
				DEVELOPMENT_TEAM = FK56654KPJ;
				INFOPLIST_FILE = Celecare/Info.plist;
				LD_RUNPATH_SEARCH_PATHS = "$(inherited) @executable_path/Frameworks";
				PRODUCT_BUNDLE_IDENTIFIER = com.celecare.celecare;
				PRODUCT_NAME = "$(TARGET_NAME)";
				SWIFT_VERSION = 3.0;
			};
			name = Release;
		};
/* End XCBuildConfiguration section */

/* Begin XCConfigurationList section */
		9AB067641EFAE95100092BC6 /* Build configuration list for PBXProject "Celecare" */ = {
			isa = XCConfigurationList;
			buildConfigurations = (
				9AB0677B1EFAE95100092BC6 /* Debug */,
				9AB0677C1EFAE95100092BC6 /* Release */,
			);
			defaultConfigurationIsVisible = 0;
			defaultConfigurationName = Release;
		};
		9AB0677D1EFAE95100092BC6 /* Build configuration list for PBXNativeTarget "Celecare" */ = {
			isa = XCConfigurationList;
			buildConfigurations = (
				9AB0677E1EFAE95100092BC6 /* Debug */,
				9AB0677F1EFAE95100092BC6 /* Release */,
			);
			defaultConfigurationIsVisible = 0;
			defaultConfigurationName = Release;
		};
/* End XCConfigurationList section */
	};
	rootObject = 9AB067611EFAE95100092BC6 /* Project object */;
}
