// !$*UTF8*$!
{
	archiveVersion = 1;
	classes = {
	};
	objectVersion = 46;
	objects = {

/* Begin PBXBuildFile section */
		1D757311A6C8CE3F6EA451F0 /* Pods_Celecare.framework in Frameworks */ = {isa = PBXBuildFile; fileRef = 3604C072FAB4EDAC5D57994E /* Pods_Celecare.framework */; };
		590F694C1F786B04004FE33A /* AllergyViewTableViewController.swift in Sources */ = {isa = PBXBuildFile; fileRef = 590F694B1F786B04004FE33A /* AllergyViewTableViewController.swift */; };
		590F694F1F78700D004FE33A /* MedHistoryViewController.swift in Sources */ = {isa = PBXBuildFile; fileRef = 590F694E1F78700D004FE33A /* MedHistoryViewController.swift */; };
		590F69511F78A1F6004FE33A /* BasicInfoTableViewController.swift in Sources */ = {isa = PBXBuildFile; fileRef = 590F69501F78A1F6004FE33A /* BasicInfoTableViewController.swift */; };
		5975BD4B1FA6C3D50006FFB7 /* AdvisorMedsViewController.swift in Sources */ = {isa = PBXBuildFile; fileRef = 5975BD4A1FA6C3D50006FFB7 /* AdvisorMedsViewController.swift */; };
		5975BD4D1FA6C3D70006FFB7 /* AdvisorTableViewCell.swift in Sources */ = {isa = PBXBuildFile; fileRef = 5975BD4C1FA6C3D70006FFB7 /* AdvisorTableViewCell.swift */; };
		9A2687241F0AED3C00AF7A2B /* QuestionViewController.swift in Sources */ = {isa = PBXBuildFile; fileRef = 9A2687231F0AED3C00AF7A2B /* QuestionViewController.swift */; };
		9A2687281F0C1B5D00AF7A2B /* SummaryViewController.swift in Sources */ = {isa = PBXBuildFile; fileRef = 9A2687271F0C1B5D00AF7A2B /* SummaryViewController.swift */; };
		9A26872C1F0F033900AF7A2B /* MainTableViewCell.swift in Sources */ = {isa = PBXBuildFile; fileRef = 9A26872B1F0F033900AF7A2B /* MainTableViewCell.swift */; };
		9A26F6301F14168300B2E55B /* AnswerViewController.swift in Sources */ = {isa = PBXBuildFile; fileRef = 9A26F62F1F14168300B2E55B /* AnswerViewController.swift */; };
		9A73518B1F1D3C5C00A438C8 /* EditProfileViewController.swift in Sources */ = {isa = PBXBuildFile; fileRef = 9A73518A1F1D3C5C00A438C8 /* EditProfileViewController.swift */; };
		9AB0676D1EFAE95100092BC6 /* AppDelegate.swift in Sources */ = {isa = PBXBuildFile; fileRef = 9AB0676C1EFAE95100092BC6 /* AppDelegate.swift */; };
		9AB067741EFAE95100092BC6 /* Main.storyboard in Resources */ = {isa = PBXBuildFile; fileRef = 9AB067721EFAE95100092BC6 /* Main.storyboard */; };
		9AB067761EFAE95100092BC6 /* Assets.xcassets in Resources */ = {isa = PBXBuildFile; fileRef = 9AB067751EFAE95100092BC6 /* Assets.xcassets */; };
		9AB067791EFAE95100092BC6 /* LaunchScreen.storyboard in Resources */ = {isa = PBXBuildFile; fileRef = 9AB067771EFAE95100092BC6 /* LaunchScreen.storyboard */; };
		9AB067811F02011100092BC6 /* Login.storyboard in Resources */ = {isa = PBXBuildFile; fileRef = 9AB067801F02011100092BC6 /* Login.storyboard */; };
		9AB182181F147E6300678851 /* MainSidebarViewController.swift in Sources */ = {isa = PBXBuildFile; fileRef = 9AB182171F147E6300678851 /* MainSidebarViewController.swift */; };
		9ACD37FA1F05F10A005842CF /* LoginViewController.swift in Sources */ = {isa = PBXBuildFile; fileRef = 9ACD37F91F05F10A005842CF /* LoginViewController.swift */; };
		9ACD37FC1F05F9A5005842CF /* WelcomeViewController.swift in Sources */ = {isa = PBXBuildFile; fileRef = 9ACD37FB1F05F9A5005842CF /* WelcomeViewController.swift */; };
		9AF65FDB1F202D4E00C6E9CA /* Post.swift in Sources */ = {isa = PBXBuildFile; fileRef = 9AF65FDA1F202D4E00C6E9CA /* Post.swift */; };
		F22656171F4E364C001D2ED7 /* SignupViewController.swift in Sources */ = {isa = PBXBuildFile; fileRef = F22656161F4E364C001D2ED7 /* SignupViewController.swift */; };
		F24710741F4236A8008AB906 /* V2ViewAnswerViewController.swift in Sources */ = {isa = PBXBuildFile; fileRef = F24710731F4236A8008AB906 /* V2ViewAnswerViewController.swift */; };
		F24710761F42396A008AB906 /* ViewAnswerTableViewCell.swift in Sources */ = {isa = PBXBuildFile; fileRef = F24710751F42396A008AB906 /* ViewAnswerTableViewCell.swift */; };
		F2E86B391F396A7600F4703C /* NewQuestionViewController.swift in Sources */ = {isa = PBXBuildFile; fileRef = F2E86B381F396A7600F4703C /* NewQuestionViewController.swift */; };
		F2E86B3B1F396BE200F4703C /* PatientInfoViewController.swift in Sources */ = {isa = PBXBuildFile; fileRef = F2E86B3A1F396BE200F4703C /* PatientInfoViewController.swift */; };
/* End PBXBuildFile section */

/* Begin PBXFileReference section */
		3604C072FAB4EDAC5D57994E /* Pods_Celecare.framework */ = {isa = PBXFileReference; explicitFileType = wrapper.framework; includeInIndex = 0; path = Pods_Celecare.framework; sourceTree = BUILT_PRODUCTS_DIR; };
		590F694B1F786B04004FE33A /* AllergyViewTableViewController.swift */ = {isa = PBXFileReference; lastKnownFileType = sourcecode.swift; path = AllergyViewTableViewController.swift; sourceTree = "<group>"; };
		590F694E1F78700D004FE33A /* MedHistoryViewController.swift */ = {isa = PBXFileReference; lastKnownFileType = sourcecode.swift; path = MedHistoryViewController.swift; sourceTree = "<group>"; };
		590F69501F78A1F6004FE33A /* BasicInfoTableViewController.swift */ = {isa = PBXFileReference; lastKnownFileType = sourcecode.swift; path = BasicInfoTableViewController.swift; sourceTree = "<group>"; };
		5975BD481FA6C2C50006FFB7 /* AdvisorMedsViewController.swift */ = {isa = PBXFileReference; lastKnownFileType = sourcecode.swift; name = AdvisorMedsViewController.swift; path = ../../.Trash/AdvisorMedsViewController.swift; sourceTree = "<group>"; };
		5975BD491FA6C2C80006FFB7 /* AdvisorTableViewCell.swift */ = {isa = PBXFileReference; lastKnownFileType = sourcecode.swift; name = AdvisorTableViewCell.swift; path = ../../.Trash/AdvisorTableViewCell.swift; sourceTree = "<group>"; };
		5975BD4A1FA6C3D50006FFB7 /* AdvisorMedsViewController.swift */ = {isa = PBXFileReference; lastKnownFileType = sourcecode.swift; name = AdvisorMedsViewController.swift; path = ../../../.Trash/AdvisorMedsViewController.swift; sourceTree = "<group>"; };
		5975BD4C1FA6C3D70006FFB7 /* AdvisorTableViewCell.swift */ = {isa = PBXFileReference; lastKnownFileType = sourcecode.swift; name = AdvisorTableViewCell.swift; path = ../../../.Trash/AdvisorTableViewCell.swift; sourceTree = "<group>"; };
		9A2687231F0AED3C00AF7A2B /* QuestionViewController.swift */ = {isa = PBXFileReference; fileEncoding = 4; lastKnownFileType = sourcecode.swift; path = QuestionViewController.swift; sourceTree = "<group>"; };
		9A2687271F0C1B5D00AF7A2B /* SummaryViewController.swift */ = {isa = PBXFileReference; fileEncoding = 4; lastKnownFileType = sourcecode.swift; path = SummaryViewController.swift; sourceTree = "<group>"; };
		9A26872B1F0F033900AF7A2B /* MainTableViewCell.swift */ = {isa = PBXFileReference; fileEncoding = 4; lastKnownFileType = sourcecode.swift; path = MainTableViewCell.swift; sourceTree = "<group>"; };
		9A26F62F1F14168300B2E55B /* AnswerViewController.swift */ = {isa = PBXFileReference; fileEncoding = 4; lastKnownFileType = sourcecode.swift; path = AnswerViewController.swift; sourceTree = "<group>"; };
		9A73518A1F1D3C5C00A438C8 /* EditProfileViewController.swift */ = {isa = PBXFileReference; fileEncoding = 4; lastKnownFileType = sourcecode.swift; path = EditProfileViewController.swift; sourceTree = "<group>"; };
		9AB067691EFAE95100092BC6 /* Celecare.app */ = {isa = PBXFileReference; explicitFileType = wrapper.application; includeInIndex = 0; path = Celecare.app; sourceTree = BUILT_PRODUCTS_DIR; };
		9AB0676C1EFAE95100092BC6 /* AppDelegate.swift */ = {isa = PBXFileReference; lastKnownFileType = sourcecode.swift; path = AppDelegate.swift; sourceTree = "<group>"; };
		9AB067731EFAE95100092BC6 /* Base */ = {isa = PBXFileReference; lastKnownFileType = file.storyboard; name = Base; path = Base.lproj/Main.storyboard; sourceTree = "<group>"; };
		9AB067751EFAE95100092BC6 /* Assets.xcassets */ = {isa = PBXFileReference; lastKnownFileType = folder.assetcatalog; path = Assets.xcassets; sourceTree = "<group>"; };
		9AB067781EFAE95100092BC6 /* Base */ = {isa = PBXFileReference; lastKnownFileType = file.storyboard; name = Base; path = Base.lproj/LaunchScreen.storyboard; sourceTree = "<group>"; };
		9AB0677A1EFAE95100092BC6 /* Info.plist */ = {isa = PBXFileReference; lastKnownFileType = text.plist.xml; path = Info.plist; sourceTree = "<group>"; };
		9AB067801F02011100092BC6 /* Login.storyboard */ = {isa = PBXFileReference; fileEncoding = 4; lastKnownFileType = file.storyboard; path = Login.storyboard; sourceTree = "<group>"; };
		9AB067831F0217DA00092BC6 /* Celecare.entitlements */ = {isa = PBXFileReference; lastKnownFileType = text.plist.entitlements; path = Celecare.entitlements; sourceTree = "<group>"; };
		9AB182171F147E6300678851 /* MainSidebarViewController.swift */ = {isa = PBXFileReference; fileEncoding = 4; lastKnownFileType = sourcecode.swift; path = MainSidebarViewController.swift; sourceTree = "<group>"; };
		9ACD37F91F05F10A005842CF /* LoginViewController.swift */ = {isa = PBXFileReference; fileEncoding = 4; lastKnownFileType = sourcecode.swift; path = LoginViewController.swift; sourceTree = "<group>"; };
		9ACD37FB1F05F9A5005842CF /* WelcomeViewController.swift */ = {isa = PBXFileReference; fileEncoding = 4; lastKnownFileType = sourcecode.swift; path = WelcomeViewController.swift; sourceTree = "<group>"; };
		9AF65FDA1F202D4E00C6E9CA /* Post.swift */ = {isa = PBXFileReference; fileEncoding = 4; lastKnownFileType = sourcecode.swift; path = Post.swift; sourceTree = "<group>"; };
		BB503F71087DB2199AB6225D /* Pods-Celecare.release.xcconfig */ = {isa = PBXFileReference; includeInIndex = 1; lastKnownFileType = text.xcconfig; name = "Pods-Celecare.release.xcconfig"; path = "Pods/Target Support Files/Pods-Celecare/Pods-Celecare.release.xcconfig"; sourceTree = "<group>"; };
		E6092048BA7E81399689728E /* Pods-Celecare.debug.xcconfig */ = {isa = PBXFileReference; includeInIndex = 1; lastKnownFileType = text.xcconfig; name = "Pods-Celecare.debug.xcconfig"; path = "Pods/Target Support Files/Pods-Celecare/Pods-Celecare.debug.xcconfig"; sourceTree = "<group>"; };
		F22656161F4E364C001D2ED7 /* SignupViewController.swift */ = {isa = PBXFileReference; fileEncoding = 4; lastKnownFileType = sourcecode.swift; path = SignupViewController.swift; sourceTree = "<group>"; };
		F24710731F4236A8008AB906 /* V2ViewAnswerViewController.swift */ = {isa = PBXFileReference; fileEncoding = 4; lastKnownFileType = sourcecode.swift; path = V2ViewAnswerViewController.swift; sourceTree = "<group>"; };
		F24710751F42396A008AB906 /* ViewAnswerTableViewCell.swift */ = {isa = PBXFileReference; fileEncoding = 4; lastKnownFileType = sourcecode.swift; path = ViewAnswerTableViewCell.swift; sourceTree = "<group>"; };
		F2E86B381F396A7600F4703C /* NewQuestionViewController.swift */ = {isa = PBXFileReference; fileEncoding = 4; lastKnownFileType = sourcecode.swift; path = NewQuestionViewController.swift; sourceTree = "<group>"; };
		F2E86B3A1F396BE200F4703C /* PatientInfoViewController.swift */ = {isa = PBXFileReference; fileEncoding = 4; lastKnownFileType = sourcecode.swift; path = PatientInfoViewController.swift; sourceTree = "<group>"; };
/* End PBXFileReference section */

/* Begin PBXFrameworksBuildPhase section */
		9AB067661EFAE95100092BC6 /* Frameworks */ = {
			isa = PBXFrameworksBuildPhase;
			buildActionMask = 2147483647;
			files = (
				1D757311A6C8CE3F6EA451F0 /* Pods_Celecare.framework in Frameworks */,
			);
			runOnlyForDeploymentPostprocessing = 0;
		};
/* End PBXFrameworksBuildPhase section */

/* Begin PBXGroup section */
		9AB067601EFAE95100092BC6 = {
			isa = PBXGroup;
			children = (
				5975BD481FA6C2C50006FFB7 /* AdvisorMedsViewController.swift */,
				5975BD491FA6C2C80006FFB7 /* AdvisorTableViewCell.swift */,
				9AB0676B1EFAE95100092BC6 /* Celecare */,
				9AB0676A1EFAE95100092BC6 /* Products */,
				CBB7995141C31F07B9987988 /* Pods */,
				BB11ACFC45414FD68B7BA7A9 /* Frameworks */,
			);
			sourceTree = "<group>";
		};
		9AB0676A1EFAE95100092BC6 /* Products */ = {
			isa = PBXGroup;
			children = (
				9AB067691EFAE95100092BC6 /* Celecare.app */,
			);
			name = Products;
			sourceTree = "<group>";
		};
		9AB0676B1EFAE95100092BC6 /* Celecare */ = {
			isa = PBXGroup;
			children = (
				9A2687231F0AED3C00AF7A2B /* QuestionViewController.swift */,
				F2E86B381F396A7600F4703C /* NewQuestionViewController.swift */,
				9AF65FDA1F202D4E00C6E9CA /* Post.swift */,
				9AB067831F0217DA00092BC6 /* Celecare.entitlements */,
				9AB067771EFAE95100092BC6 /* LaunchScreen.storyboard */,
				9AB067751EFAE95100092BC6 /* Assets.xcassets */,
				9AB0677A1EFAE95100092BC6 /* Info.plist */,
				9AB0676C1EFAE95100092BC6 /* AppDelegate.swift */,
				5975BD4A1FA6C3D50006FFB7 /* AdvisorMedsViewController.swift */,
				5975BD4C1FA6C3D70006FFB7 /* AdvisorTableViewCell.swift */,
				9AB067821F0207A500092BC6 /* main */,
				9ACD38011F0992C2005842CF /* login */,
			);
			path = Celecare;
			sourceTree = "<group>";
		};
		9AB067821F0207A500092BC6 /* main */ = {
			isa = PBXGroup;
			children = (
				9AB067721EFAE95100092BC6 /* Main.storyboard */,
				9A26872B1F0F033900AF7A2B /* MainTableViewCell.swift */,
				9AB182171F147E6300678851 /* MainSidebarViewController.swift */,
				9A73518A1F1D3C5C00A438C8 /* EditProfileViewController.swift */,
				F2E86B3C1F396BF200F4703C /* newQuestion */,
				9A26F62F1F14168300B2E55B /* AnswerViewController.swift */,
				F24710731F4236A8008AB906 /* V2ViewAnswerViewController.swift */,
				F24710751F42396A008AB906 /* ViewAnswerTableViewCell.swift */,
			);
			name = main;
			sourceTree = "<group>";
		};
		9ACD38011F0992C2005842CF /* login */ = {
			isa = PBXGroup;
			children = (
				9AB067801F02011100092BC6 /* Login.storyboard */,
				9ACD37FB1F05F9A5005842CF /* WelcomeViewController.swift */,
				9ACD37F91F05F10A005842CF /* LoginViewController.swift */,
				F22656161F4E364C001D2ED7 /* SignupViewController.swift */,
			);
			name = login;
			sourceTree = "<group>";
		};
		BB11ACFC45414FD68B7BA7A9 /* Frameworks */ = {
			isa = PBXGroup;
			children = (
				3604C072FAB4EDAC5D57994E /* Pods_Celecare.framework */,
			);
			name = Frameworks;
			sourceTree = "<group>";
		};
		CBB7995141C31F07B9987988 /* Pods */ = {
			isa = PBXGroup;
			children = (
				E6092048BA7E81399689728E /* Pods-Celecare.debug.xcconfig */,
				BB503F71087DB2199AB6225D /* Pods-Celecare.release.xcconfig */,
			);
			name = Pods;
			sourceTree = "<group>";
		};
		F2E86B3C1F396BF200F4703C /* newQuestion */ = {
			isa = PBXGroup;
			children = (
				F2E86B3A1F396BE200F4703C /* PatientInfoViewController.swift */,
				590F694B1F786B04004FE33A /* AllergyViewTableViewController.swift */,
				590F694E1F78700D004FE33A /* MedHistoryViewController.swift */,
				590F69501F78A1F6004FE33A /* BasicInfoTableViewController.swift */,
				9A2687271F0C1B5D00AF7A2B /* SummaryViewController.swift */,
			);
			name = newQuestion;
			sourceTree = "<group>";
		};
/* End PBXGroup section */

/* Begin PBXNativeTarget section */
		9AB067681EFAE95100092BC6 /* Celecare */ = {
			isa = PBXNativeTarget;
			buildConfigurationList = 9AB0677D1EFAE95100092BC6 /* Build configuration list for PBXNativeTarget "Celecare" */;
			buildPhases = (
				877E42C20F83528BC2E53E22 /* [CP] Check Pods Manifest.lock */,
				9AB067651EFAE95100092BC6 /* Sources */,
				9AB067661EFAE95100092BC6 /* Frameworks */,
				9AB067671EFAE95100092BC6 /* Resources */,
				43D1B506F07E70A85283C8E9 /* [CP] Embed Pods Frameworks */,
				D91E642DF339E3D8CFE6AC47 /* [CP] Copy Pods Resources */,
			);
			buildRules = (
			);
			dependencies = (
			);
			name = Celecare;
			productName = Celecare;
			productReference = 9AB067691EFAE95100092BC6 /* Celecare.app */;
			productType = "com.apple.product-type.application";
		};
/* End PBXNativeTarget section */

/* Begin PBXProject section */
		9AB067611EFAE95100092BC6 /* Project object */ = {
			isa = PBXProject;
			attributes = {
				LastSwiftUpdateCheck = 0820;
				LastUpgradeCheck = 0900;
				ORGANIZATIONNAME = "Celecare LLC";
				TargetAttributes = {
					9AB067681EFAE95100092BC6 = {
						CreatedOnToolsVersion = 8.2;
						DevelopmentTeam = 7AAP388EE3;
						LastSwiftMigration = 0900;
						ProvisioningStyle = Automatic;
						SystemCapabilities = {
							com.apple.ApplePay = {
								enabled = 0;
							};
							com.apple.BackgroundModes = {
								enabled = 1;
							};
							com.apple.Push = {
								enabled = 1;
							};
						};
					};
				};
			};
			buildConfigurationList = 9AB067641EFAE95100092BC6 /* Build configuration list for PBXProject "Celecare" */;
			compatibilityVersion = "Xcode 3.2";
			developmentRegion = English;
			hasScannedForEncodings = 0;
			knownRegions = (
				en,
				Base,
			);
			mainGroup = 9AB067601EFAE95100092BC6;
			productRefGroup = 9AB0676A1EFAE95100092BC6 /* Products */;
			projectDirPath = "";
			projectRoot = "";
			targets = (
				9AB067681EFAE95100092BC6 /* Celecare */,
			);
		};
/* End PBXProject section */

/* Begin PBXResourcesBuildPhase section */
		9AB067671EFAE95100092BC6 /* Resources */ = {
			isa = PBXResourcesBuildPhase;
			buildActionMask = 2147483647;
			files = (
				9AB067811F02011100092BC6 /* Login.storyboard in Resources */,
				9AB067791EFAE95100092BC6 /* LaunchScreen.storyboard in Resources */,
				9AB067761EFAE95100092BC6 /* Assets.xcassets in Resources */,
				9AB067741EFAE95100092BC6 /* Main.storyboard in Resources */,
			);
			runOnlyForDeploymentPostprocessing = 0;
		};
/* End PBXResourcesBuildPhase section */

/* Begin PBXShellScriptBuildPhase section */
		43D1B506F07E70A85283C8E9 /* [CP] Embed Pods Frameworks */ = {
			isa = PBXShellScriptBuildPhase;
			buildActionMask = 2147483647;
			files = (
			);
			inputPaths = (
				"${SRCROOT}/Pods/Target Support Files/Pods-Celecare/Pods-Celecare-frameworks.sh",
				"${BUILT_PRODUCTS_DIR}/Alamofire/Alamofire.framework",
				"${BUILT_PRODUCTS_DIR}/Bolts/Bolts.framework",
				"${BUILT_PRODUCTS_DIR}/Bolts-Swift/BoltsSwift.framework",
				"${BUILT_PRODUCTS_DIR}/BulletinBoard/BulletinBoard.framework",
				"${BUILT_PRODUCTS_DIR}/FBSDKCoreKit/FBSDKCoreKit.framework",
				"${BUILT_PRODUCTS_DIR}/FBSDKLoginKit/FBSDKLoginKit.framework",
				"${BUILT_PRODUCTS_DIR}/FacebookCore/FacebookCore.framework",
				"${BUILT_PRODUCTS_DIR}/FacebookLogin/FacebookLogin.framework",
				"${BUILT_PRODUCTS_DIR}/Kingfisher/Kingfisher.framework",
				"${BUILT_PRODUCTS_DIR}/NVActivityIndicatorView/NVActivityIndicatorView.framework",
				"${BUILT_PRODUCTS_DIR}/Parse/Parse.framework",
				"${BUILT_PRODUCTS_DIR}/ParseFacebookUtilsV4/ParseFacebookUtilsV4.framework",
				"${BUILT_PRODUCTS_DIR}/ParseLiveQuery/ParseLiveQuery.framework",
				"${BUILT_PRODUCTS_DIR}/SCLAlertView/SCLAlertView.framework",
				"${BUILT_PRODUCTS_DIR}/SidebarOverlay/SidebarOverlay.framework",
				"${BUILT_PRODUCTS_DIR}/SlackTextViewController/SlackTextViewController.framework",
				"${BUILT_PRODUCTS_DIR}/SnapKit/SnapKit.framework",
				"${BUILT_PRODUCTS_DIR}/Starscream/Starscream.framework",
				"${BUILT_PRODUCTS_DIR}/Stripe/Stripe.framework",
				"${BUILT_PRODUCTS_DIR}/SwiftyJSON/SwiftyJSON.framework",
			);
			name = "[CP] Embed Pods Frameworks";
			outputPaths = (
				"${TARGET_BUILD_DIR}/${FRAMEWORKS_FOLDER_PATH}/Alamofire.framework",
				"${TARGET_BUILD_DIR}/${FRAMEWORKS_FOLDER_PATH}/Bolts.framework",
				"${TARGET_BUILD_DIR}/${FRAMEWORKS_FOLDER_PATH}/BoltsSwift.framework",
				"${TARGET_BUILD_DIR}/${FRAMEWORKS_FOLDER_PATH}/BulletinBoard.framework",
				"${TARGET_BUILD_DIR}/${FRAMEWORKS_FOLDER_PATH}/FBSDKCoreKit.framework",
				"${TARGET_BUILD_DIR}/${FRAMEWORKS_FOLDER_PATH}/FBSDKLoginKit.framework",
				"${TARGET_BUILD_DIR}/${FRAMEWORKS_FOLDER_PATH}/FacebookCore.framework",
				"${TARGET_BUILD_DIR}/${FRAMEWORKS_FOLDER_PATH}/FacebookLogin.framework",
				"${TARGET_BUILD_DIR}/${FRAMEWORKS_FOLDER_PATH}/Kingfisher.framework",
				"${TARGET_BUILD_DIR}/${FRAMEWORKS_FOLDER_PATH}/NVActivityIndicatorView.framework",
				"${TARGET_BUILD_DIR}/${FRAMEWORKS_FOLDER_PATH}/Parse.framework",
				"${TARGET_BUILD_DIR}/${FRAMEWORKS_FOLDER_PATH}/ParseFacebookUtilsV4.framework",
				"${TARGET_BUILD_DIR}/${FRAMEWORKS_FOLDER_PATH}/ParseLiveQuery.framework",
				"${TARGET_BUILD_DIR}/${FRAMEWORKS_FOLDER_PATH}/SCLAlertView.framework",
				"${TARGET_BUILD_DIR}/${FRAMEWORKS_FOLDER_PATH}/SidebarOverlay.framework",
				"${TARGET_BUILD_DIR}/${FRAMEWORKS_FOLDER_PATH}/SlackTextViewController.framework",
				"${TARGET_BUILD_DIR}/${FRAMEWORKS_FOLDER_PATH}/SnapKit.framework",
				"${TARGET_BUILD_DIR}/${FRAMEWORKS_FOLDER_PATH}/Starscream.framework",
				"${TARGET_BUILD_DIR}/${FRAMEWORKS_FOLDER_PATH}/Stripe.framework",
				"${TARGET_BUILD_DIR}/${FRAMEWORKS_FOLDER_PATH}/SwiftyJSON.framework",
			);
			runOnlyForDeploymentPostprocessing = 0;
			shellPath = /bin/sh;
			shellScript = "\"${SRCROOT}/Pods/Target Support Files/Pods-Celecare/Pods-Celecare-frameworks.sh\"\n";
			showEnvVarsInLog = 0;
		};
		877E42C20F83528BC2E53E22 /* [CP] Check Pods Manifest.lock */ = {
			isa = PBXShellScriptBuildPhase;
			buildActionMask = 2147483647;
			files = (
			);
			inputPaths = (
				"${PODS_PODFILE_DIR_PATH}/Podfile.lock",
				"${PODS_ROOT}/Manifest.lock",
			);
			name = "[CP] Check Pods Manifest.lock";
			outputPaths = (
				"$(DERIVED_FILE_DIR)/Pods-Celecare-checkManifestLockResult.txt",
			);
			runOnlyForDeploymentPostprocessing = 0;
			shellPath = /bin/sh;
			shellScript = "diff \"${PODS_PODFILE_DIR_PATH}/Podfile.lock\" \"${PODS_ROOT}/Manifest.lock\" > /dev/null\nif [ $? != 0 ] ; then\n    # print error to STDERR\n    echo \"error: The sandbox is not in sync with the Podfile.lock. Run 'pod install' or update your CocoaPods installation.\" >&2\n    exit 1\nfi\n# This output is used by Xcode 'outputs' to avoid re-running this script phase.\necho \"SUCCESS\" > \"${SCRIPT_OUTPUT_FILE_0}\"\n";
			showEnvVarsInLog = 0;
		};
		D91E642DF339E3D8CFE6AC47 /* [CP] Copy Pods Resources */ = {
			isa = PBXShellScriptBuildPhase;
			buildActionMask = 2147483647;
			files = (
			);
			inputPaths = (
			);
			name = "[CP] Copy Pods Resources";
			outputPaths = (
			);
			runOnlyForDeploymentPostprocessing = 0;
			shellPath = /bin/sh;
			shellScript = "\"${SRCROOT}/Pods/Target Support Files/Pods-Celecare/Pods-Celecare-resources.sh\"\n";
			showEnvVarsInLog = 0;
		};
/* End PBXShellScriptBuildPhase section */

/* Begin PBXSourcesBuildPhase section */
		9AB067651EFAE95100092BC6 /* Sources */ = {
			isa = PBXSourcesBuildPhase;
			buildActionMask = 2147483647;
			files = (
				5975BD4D1FA6C3D70006FFB7 /* AdvisorTableViewCell.swift in Sources */,
				590F694F1F78700D004FE33A /* MedHistoryViewController.swift in Sources */,
				9A26872C1F0F033900AF7A2B /* MainTableViewCell.swift in Sources */,
				9AF65FDB1F202D4E00C6E9CA /* Post.swift in Sources */,
				590F694C1F786B04004FE33A /* AllergyViewTableViewController.swift in Sources */,
				9ACD37FA1F05F10A005842CF /* LoginViewController.swift in Sources */,
				590F69511F78A1F6004FE33A /* BasicInfoTableViewController.swift in Sources */,
				F22656171F4E364C001D2ED7 /* SignupViewController.swift in Sources */,
				9ACD37FC1F05F9A5005842CF /* WelcomeViewController.swift in Sources */,
				F24710741F4236A8008AB906 /* V2ViewAnswerViewController.swift in Sources */,
				F2E86B391F396A7600F4703C /* NewQuestionViewController.swift in Sources */,
				F2E86B3B1F396BE200F4703C /* PatientInfoViewController.swift in Sources */,
				9A2687281F0C1B5D00AF7A2B /* SummaryViewController.swift in Sources */,
				9A73518B1F1D3C5C00A438C8 /* EditProfileViewController.swift in Sources */,
				5975BD4B1FA6C3D50006FFB7 /* AdvisorMedsViewController.swift in Sources */,
				F24710761F42396A008AB906 /* ViewAnswerTableViewCell.swift in Sources */,
				9AB182181F147E6300678851 /* MainSidebarViewController.swift in Sources */,
				9A26F6301F14168300B2E55B /* AnswerViewController.swift in Sources */,
				9AB0676D1EFAE95100092BC6 /* AppDelegate.swift in Sources */,
				9A2687241F0AED3C00AF7A2B /* QuestionViewController.swift in Sources */,
			);
			runOnlyForDeploymentPostprocessing = 0;
		};
/* End PBXSourcesBuildPhase section */

/* Begin PBXVariantGroup section */
		9AB067721EFAE95100092BC6 /* Main.storyboard */ = {
			isa = PBXVariantGroup;
			children = (
				9AB067731EFAE95100092BC6 /* Base */,
			);
			name = Main.storyboard;
			sourceTree = "<group>";
		};
		9AB067771EFAE95100092BC6 /* LaunchScreen.storyboard */ = {
			isa = PBXVariantGroup;
			children = (
				9AB067781EFAE95100092BC6 /* Base */,
			);
			name = LaunchScreen.storyboard;
			sourceTree = "<group>";
		};
/* End PBXVariantGroup section */

/* Begin XCBuildConfiguration section */
		9AB0677B1EFAE95100092BC6 /* Debug */ = {
			isa = XCBuildConfiguration;
			buildSettings = {
				ALWAYS_SEARCH_USER_PATHS = NO;
				CLANG_ANALYZER_NONNULL = YES;
				CLANG_CXX_LANGUAGE_STANDARD = "gnu++0x";
				CLANG_CXX_LIBRARY = "libc++";
				CLANG_ENABLE_MODULES = YES;
				CLANG_ENABLE_OBJC_ARC = YES;
				CLANG_WARN_BLOCK_CAPTURE_AUTORELEASING = YES;
				CLANG_WARN_BOOL_CONVERSION = YES;
				CLANG_WARN_COMMA = YES;
				CLANG_WARN_CONSTANT_CONVERSION = YES;
				CLANG_WARN_DIRECT_OBJC_ISA_USAGE = YES_ERROR;
				CLANG_WARN_DOCUMENTATION_COMMENTS = YES;
				CLANG_WARN_EMPTY_BODY = YES;
				CLANG_WARN_ENUM_CONVERSION = YES;
				CLANG_WARN_INFINITE_RECURSION = YES;
				CLANG_WARN_INT_CONVERSION = YES;
				CLANG_WARN_NON_LITERAL_NULL_CONVERSION = YES;
				CLANG_WARN_OBJC_LITERAL_CONVERSION = YES;
				CLANG_WARN_OBJC_ROOT_CLASS = YES_ERROR;
				CLANG_WARN_RANGE_LOOP_ANALYSIS = YES;
				CLANG_WARN_STRICT_PROTOTYPES = YES;
				CLANG_WARN_SUSPICIOUS_MOVE = YES;
				CLANG_WARN_UNREACHABLE_CODE = YES;
				CLANG_WARN__DUPLICATE_METHOD_MATCH = YES;
				"CODE_SIGN_IDENTITY[sdk=iphoneos*]" = "iPhone Developer";
				COPY_PHASE_STRIP = NO;
				DEBUG_INFORMATION_FORMAT = dwarf;
				ENABLE_STRICT_OBJC_MSGSEND = YES;
				ENABLE_TESTABILITY = YES;
				GCC_C_LANGUAGE_STANDARD = gnu99;
				GCC_DYNAMIC_NO_PIC = NO;
				GCC_NO_COMMON_BLOCKS = YES;
				GCC_OPTIMIZATION_LEVEL = 0;
				GCC_PREPROCESSOR_DEFINITIONS = (
					"DEBUG=1",
					"$(inherited)",
				);
				GCC_WARN_64_TO_32_BIT_CONVERSION = YES;
				GCC_WARN_ABOUT_RETURN_TYPE = YES_ERROR;
				GCC_WARN_UNDECLARED_SELECTOR = YES;
				GCC_WARN_UNINITIALIZED_AUTOS = YES_AGGRESSIVE;
				GCC_WARN_UNUSED_FUNCTION = YES;
				GCC_WARN_UNUSED_VARIABLE = YES;
				IPHONEOS_DEPLOYMENT_TARGET = 10.0;
				MTL_ENABLE_DEBUG_INFO = YES;
				ONLY_ACTIVE_ARCH = YES;
				SDKROOT = iphoneos;
				SWIFT_ACTIVE_COMPILATION_CONDITIONS = DEBUG;
				SWIFT_OPTIMIZATION_LEVEL = "-Onone";
			};
			name = Debug;
		};
		9AB0677C1EFAE95100092BC6 /* Release */ = {
			isa = XCBuildConfiguration;
			buildSettings = {
				ALWAYS_SEARCH_USER_PATHS = NO;
				CLANG_ANALYZER_NONNULL = YES;
				CLANG_CXX_LANGUAGE_STANDARD = "gnu++0x";
				CLANG_CXX_LIBRARY = "libc++";
				CLANG_ENABLE_MODULES = YES;
				CLANG_ENABLE_OBJC_ARC = YES;
				CLANG_WARN_BLOCK_CAPTURE_AUTORELEASING = YES;
				CLANG_WARN_BOOL_CONVERSION = YES;
				CLANG_WARN_COMMA = YES;
				CLANG_WARN_CONSTANT_CONVERSION = YES;
				CLANG_WARN_DIRECT_OBJC_ISA_USAGE = YES_ERROR;
				CLANG_WARN_DOCUMENTATION_COMMENTS = YES;
				CLANG_WARN_EMPTY_BODY = YES;
				CLANG_WARN_ENUM_CONVERSION = YES;
				CLANG_WARN_INFINITE_RECURSION = YES;
				CLANG_WARN_INT_CONVERSION = YES;
				CLANG_WARN_NON_LITERAL_NULL_CONVERSION = YES;
				CLANG_WARN_OBJC_LITERAL_CONVERSION = YES;
				CLANG_WARN_OBJC_ROOT_CLASS = YES_ERROR;
				CLANG_WARN_RANGE_LOOP_ANALYSIS = YES;
				CLANG_WARN_STRICT_PROTOTYPES = YES;
				CLANG_WARN_SUSPICIOUS_MOVE = YES;
				CLANG_WARN_UNREACHABLE_CODE = YES;
				CLANG_WARN__DUPLICATE_METHOD_MATCH = YES;
				"CODE_SIGN_IDENTITY[sdk=iphoneos*]" = "iPhone Developer";
				COPY_PHASE_STRIP = NO;
				DEBUG_INFORMATION_FORMAT = "dwarf-with-dsym";
				ENABLE_NS_ASSERTIONS = NO;
				ENABLE_STRICT_OBJC_MSGSEND = YES;
				GCC_C_LANGUAGE_STANDARD = gnu99;
				GCC_NO_COMMON_BLOCKS = YES;
				GCC_WARN_64_TO_32_BIT_CONVERSION = YES;
				GCC_WARN_ABOUT_RETURN_TYPE = YES_ERROR;
				GCC_WARN_UNDECLARED_SELECTOR = YES;
				GCC_WARN_UNINITIALIZED_AUTOS = YES_AGGRESSIVE;
				GCC_WARN_UNUSED_FUNCTION = YES;
				GCC_WARN_UNUSED_VARIABLE = YES;
				IPHONEOS_DEPLOYMENT_TARGET = 10.0;
				MTL_ENABLE_DEBUG_INFO = NO;
				SDKROOT = iphoneos;
				SWIFT_OPTIMIZATION_LEVEL = "-Owholemodule";
				VALIDATE_PRODUCT = YES;
			};
			name = Release;
		};
		9AB0677E1EFAE95100092BC6 /* Debug */ = {
			isa = XCBuildConfiguration;
			baseConfigurationReference = E6092048BA7E81399689728E /* Pods-Celecare.debug.xcconfig */;
			buildSettings = {
				ALWAYS_EMBED_SWIFT_STANDARD_LIBRARIES = YES;
				ASSETCATALOG_COMPILER_APPICON_NAME = AppIcon;
				CODE_SIGN_ENTITLEMENTS = Celecare/Celecare.entitlements;
				DEVELOPMENT_TEAM = 7AAP388EE3;
				INFOPLIST_FILE = Celecare/Info.plist;
				IPHONEOS_DEPLOYMENT_TARGET = 10.0;
				LD_RUNPATH_SEARCH_PATHS = "$(inherited) @executable_path/Frameworks";
				PRODUCT_BUNDLE_IDENTIFIER = com.sickcallc.sickcall;
				PRODUCT_NAME = "$(TARGET_NAME)";
				SWIFT_SWIFT3_OBJC_INFERENCE = On;
				SWIFT_VERSION = 4.0;
				TARGETED_DEVICE_FAMILY = 1;
			};
			name = Debug;
		};
		9AB0677F1EFAE95100092BC6 /* Release */ = {
			isa = XCBuildConfiguration;
			baseConfigurationReference = BB503F71087DB2199AB6225D /* Pods-Celecare.release.xcconfig */;
			buildSettings = {
				ALWAYS_EMBED_SWIFT_STANDARD_LIBRARIES = YES;
				ASSETCATALOG_COMPILER_APPICON_NAME = AppIcon;
				CODE_SIGN_ENTITLEMENTS = Celecare/Celecare.entitlements;
				DEVELOPMENT_TEAM = 7AAP388EE3;
				INFOPLIST_FILE = Celecare/Info.plist;
				IPHONEOS_DEPLOYMENT_TARGET = 10.0;
				LD_RUNPATH_SEARCH_PATHS = "$(inherited) @executable_path/Frameworks";
				PRODUCT_BUNDLE_IDENTIFIER = com.sickcallc.sickcall;
				PRODUCT_NAME = "$(TARGET_NAME)";
				SWIFT_SWIFT3_OBJC_INFERENCE = On;
				SWIFT_VERSION = 4.0;
				TARGETED_DEVICE_FAMILY = 1;
			};
			name = Release;
		};
/* End XCBuildConfiguration section */

/* Begin XCConfigurationList section */
		9AB067641EFAE95100092BC6 /* Build configuration list for PBXProject "Celecare" */ = {
			isa = XCConfigurationList;
			buildConfigurations = (
				9AB0677B1EFAE95100092BC6 /* Debug */,
				9AB0677C1EFAE95100092BC6 /* Release */,
			);
			defaultConfigurationIsVisible = 0;
			defaultConfigurationName = Release;
		};
		9AB0677D1EFAE95100092BC6 /* Build configuration list for PBXNativeTarget "Celecare" */ = {
			isa = XCConfigurationList;
			buildConfigurations = (
				9AB0677E1EFAE95100092BC6 /* Debug */,
				9AB0677F1EFAE95100092BC6 /* Release */,
			);
			defaultConfigurationIsVisible = 0;
			defaultConfigurationName = Release;
		};
/* End XCConfigurationList section */
	};
	rootObject = 9AB067611EFAE95100092BC6 /* Project object */;
}
